<?xml version="1.0" encoding="utf-8"?>
<Project ToolsVersion="4.0" xmlns="http://schemas.microsoft.com/developer/msbuild/2003">
  <ItemGroup>
    <Filter Include="源文件">
      <UniqueIdentifier>{4FC737F1-C7A5-4376-A066-2A32D752A2FF}</UniqueIdentifier>
      <Extensions>cpp;c;cc;cxx;def;odl;idl;hpj;bat;asm;asmx</Extensions>
    </Filter>
    <Filter Include="头文件">
      <UniqueIdentifier>{93995380-89BD-4b04-88EB-625FBE52EBFB}</UniqueIdentifier>
      <Extensions>h;hpp;hxx;hm;inl;inc;xsd</Extensions>
    </Filter>
    <Filter Include="资源文件">
      <UniqueIdentifier>{67DA6AB6-F800-4c08-8B7A-83BB121AAD01}</UniqueIdentifier>
      <Extensions>rc;ico;cur;bmp;dlg;rc2;rct;bin;rgs;gif;jpg;jpeg;jpe;resx;tiff;tif;png;wav;mfcribbon-ms</Extensions>
    </Filter>
    <Filter Include="头文件\kernel">
      <UniqueIdentifier>{4d7666d9-2beb-4ce2-acb0-91048cf86e1b}</UniqueIdentifier>
    </Filter>
    <Filter Include="源文件\kernel">
      <UniqueIdentifier>{9436fcb5-a257-4beb-8f33-23cda9350687}</UniqueIdentifier>
    </Filter>
  </ItemGroup>
  <ItemGroup>
    <None Include="ReadMe.txt" />
  </ItemGroup>
  <ItemGroup>
    <ClInclude Include="stdafx.h">
      <Filter>头文件</Filter>
    </ClInclude>
    <ClInclude Include="targetver.h">
      <Filter>头文件</Filter>
    </ClInclude>
    <ClInclude Include="..\..\kernel\LightTableList.h">
      <Filter>头文件\kernel</Filter>
    </ClInclude>
    <ClInclude Include="..\..\kernel\DBMSTable.h">
      <Filter>头文件\kernel</Filter>
    </ClInclude>
    <ClInclude Include="..\..\kernel\LightDBFile.h">
      <Filter>头文件\kernel</Filter>
    </ClInclude>
    <ClInclude Include="..\..\kernel\LightDBFileBody.h">
      <Filter>头文件\kernel</Filter>
    </ClInclude>
    <ClInclude Include="..\..\kernel\LightDBFileHead.h">
      <Filter>头文件\kernel</Filter>
    </ClInclude>
    <ClInclude Include="..\..\kernel\LightField.h">
      <Filter>头文件\kernel</Filter>
    </ClInclude>
    <ClInclude Include="..\..\kernel\LightFieldList.h">
      <Filter>头文件\kernel</Filter>
    </ClInclude>
    <ClInclude Include="..\..\kernel\LightFieldType.h">
      <Filter>头文件\kernel</Filter>
    </ClInclude>
    <ClInclude Include="..\..\kernel\LightTable.h">
      <Filter>头文件\kernel</Filter>
    </ClInclude>
    <ClInclude Include="..\..\kernel\LightTableFactory.h">
      <Filter>头文件\kernel</Filter>
    </ClInclude>
  </ItemGroup>
  <ItemGroup>
    <ClCompile Include="stdafx.cpp">
      <Filter>源文件</Filter>
    </ClCompile>
    <ClCompile Include="LightDB.cpp">
      <Filter>源文件</Filter>
    </ClCompile>
    <ClCompile Include="dllmain.cpp">
      <Filter>源文件</Filter>
    </ClCompile>
    <ClCompile Include="..\..\kernel\LightTableList.cpp">
      <Filter>源文件\kernel</Filter>
    </ClCompile>
    <ClCompile Include="..\..\kernel\DBMSTable.cpp">
      <Filter>源文件\kernel</Filter>
    </ClCompile>
    <ClCompile Include="..\..\kernel\LightDBFile.cpp">
      <Filter>源文件\kernel</Filter>
    </ClCompile>
    <ClCompile Include="..\..\kernel\LightField.cpp">
      <Filter>源文件\kernel</Filter>
    </ClCompile>
    <ClCompile Include="..\..\kernel\LightFieldList.cpp">
      <Filter>源文件\kernel</Filter>
    </ClCompile>
    <ClCompile Include="..\..\kernel\LightTableFactory.cpp">
      <Filter>源文件\kernel</Filter>
    </ClCompile>
  </ItemGroup>
</Project>